// !$*UTF8*$!
{
	archiveVersion = 1;
	classes = {
	};
	objectVersion = 50;
	objects = {

/* Begin PBXBuildFile section */
		969B4D5020DD787800DCB75A /* AppDelegate.swift in Sources */ = {isa = PBXBuildFile; fileRef = 969B4D4F20DD787800DCB75A /* AppDelegate.swift */; };
		969B4D5220DD787800DCB75A /* ViewController.swift in Sources */ = {isa = PBXBuildFile; fileRef = 969B4D5120DD787800DCB75A /* ViewController.swift */; };
		969B4D5420DD787A00DCB75A /* Assets.xcassets in Resources */ = {isa = PBXBuildFile; fileRef = 969B4D5320DD787A00DCB75A /* Assets.xcassets */; };
		969B4D5720DD787A00DCB75A /* Main.storyboard in Resources */ = {isa = PBXBuildFile; fileRef = 969B4D5520DD787A00DCB75A /* Main.storyboard */; };
		969B4D6320DD787A00DCB75A /* Hello_WorldTests.swift in Sources */ = {isa = PBXBuildFile; fileRef = 969B4D6220DD787A00DCB75A /* Hello_WorldTests.swift */; };
		969B4D6E20DD787A00DCB75A /* Hello_WorldUITests.swift in Sources */ = {isa = PBXBuildFile; fileRef = 969B4D6D20DD787A00DCB75A /* Hello_WorldUITests.swift */; };
/* End PBXBuildFile section */

/* Begin PBXContainerItemProxy section */
		969B4D5F20DD787A00DCB75A /* PBXContainerItemProxy */ = {
			isa = PBXContainerItemProxy;
			containerPortal = 969B4D4420DD787800DCB75A /* Project object */;
			proxyType = 1;
			remoteGlobalIDString = 969B4D4B20DD787800DCB75A;
			remoteInfo = "Hello World";
		};
		969B4D6A20DD787A00DCB75A /* PBXContainerItemProxy */ = {
			isa = PBXContainerItemProxy;
			containerPortal = 969B4D4420DD787800DCB75A /* Project object */;
			proxyType = 1;
			remoteGlobalIDString = 969B4D4B20DD787800DCB75A;
			remoteInfo = "Hello World";
		};
/* End PBXContainerItemProxy section */

/* Begin PBXFileReference section */
		969B4D4C20DD787800DCB75A /* Hello World.app */ = {isa = PBXFileReference; explicitFileType = wrapper.application; includeInIndex = 0; path = "Hello World.app"; sourceTree = BUILT_PRODUCTS_DIR; };
		969B4D4F20DD787800DCB75A /* AppDelegate.swift */ = {isa = PBXFileReference; lastKnownFileType = sourcecode.swift; path = AppDelegate.swift; sourceTree = "<group>"; };
		969B4D5120DD787800DCB75A /* ViewController.swift */ = {isa = PBXFileReference; lastKnownFileType = sourcecode.swift; path = ViewController.swift; sourceTree = "<group>"; };
		969B4D5320DD787A00DCB75A /* Assets.xcassets */ = {isa = PBXFileReference; lastKnownFileType = folder.assetcatalog; path = Assets.xcassets; sourceTree = "<group>"; };
		969B4D5620DD787A00DCB75A /* Base */ = {isa = PBXFileReference; lastKnownFileType = file.storyboard; name = Base; path = Base.lproj/Main.storyboard; sourceTree = "<group>"; };
		969B4D5820DD787A00DCB75A /* Info.plist */ = {isa = PBXFileReference; lastKnownFileType = text.plist.xml; path = Info.plist; sourceTree = "<group>"; };
		969B4D5920DD787A00DCB75A /* Hello_World.entitlements */ = {isa = PBXFileReference; lastKnownFileType = text.plist.entitlements; path = Hello_World.entitlements; sourceTree = "<group>"; };
		969B4D5E20DD787A00DCB75A /* Hello WorldTests.xctest */ = {isa = PBXFileReference; explicitFileType = wrapper.cfbundle; includeInIndex = 0; path = "Hello WorldTests.xctest"; sourceTree = BUILT_PRODUCTS_DIR; };
		969B4D6220DD787A00DCB75A /* Hello_WorldTests.swift */ = {isa = PBXFileReference; lastKnownFileType = sourcecode.swift; path = Hello_WorldTests.swift; sourceTree = "<group>"; };
		969B4D6420DD787A00DCB75A /* Info.plist */ = {isa = PBXFileReference; lastKnownFileType = text.plist.xml; path = Info.plist; sourceTree = "<group>"; };
		969B4D6920DD787A00DCB75A /* Hello WorldUITests.xctest */ = {isa = PBXFileReference; explicitFileType = wrapper.cfbundle; includeInIndex = 0; path = "Hello WorldUITests.xctest"; sourceTree = BUILT_PRODUCTS_DIR; };
		969B4D6D20DD787A00DCB75A /* Hello_WorldUITests.swift */ = {isa = PBXFileReference; lastKnownFileType = sourcecode.swift; path = Hello_WorldUITests.swift; sourceTree = "<group>"; };
		969B4D6F20DD787A00DCB75A /* Info.plist */ = {isa = PBXFileReference; lastKnownFileType = text.plist.xml; path = Info.plist; sourceTree = "<group>"; };
/* End PBXFileReference section */

/* Begin PBXFrameworksBuildPhase section */
		969B4D4920DD787800DCB75A /* Frameworks */ = {
			isa = PBXFrameworksBuildPhase;
			buildActionMask = 2147483647;
			files = (
			);
			runOnlyForDeploymentPostprocessing = 0;
		};
		969B4D5B20DD787A00DCB75A /* Frameworks */ = {
			isa = PBXFrameworksBuildPhase;
			buildActionMask = 2147483647;
			files = (
			);
			runOnlyForDeploymentPostprocessing = 0;
		};
		969B4D6620DD787A00DCB75A /* Frameworks */ = {
			isa = PBXFrameworksBuildPhase;
			buildActionMask = 2147483647;
			files = (
			);
			runOnlyForDeploymentPostprocessing = 0;
		};
/* End PBXFrameworksBuildPhase section */

/* Begin PBXGroup section */
		969B4D4320DD787800DCB75A = {
			isa = PBXGroup;
			children = (
				969B4D4E20DD787800DCB75A /* Hello World */,
				969B4D6120DD787A00DCB75A /* Hello WorldTests */,
				969B4D6C20DD787A00DCB75A /* Hello WorldUITests */,
				969B4D4D20DD787800DCB75A /* Products */,
			);
			sourceTree = "<group>";
		};
		969B4D4D20DD787800DCB75A /* Products */ = {
			isa = PBXGroup;
			children = (
				969B4D4C20DD787800DCB75A /* Hello World.app */,
				969B4D5E20DD787A00DCB75A /* Hello WorldTests.xctest */,
				969B4D6920DD787A00DCB75A /* Hello WorldUITests.xctest */,
			);
			name = Products;
			sourceTree = "<group>";
		};
		969B4D4E20DD787800DCB75A /* Hello World */ = {
			isa = PBXGroup;
			children = (
				969B4D4F20DD787800DCB75A /* AppDelegate.swift */,
				969B4D5120DD787800DCB75A /* ViewController.swift */,
				969B4D5320DD787A00DCB75A /* Assets.xcassets */,
				969B4D5520DD787A00DCB75A /* Main.storyboard */,
				969B4D5820DD787A00DCB75A /* Info.plist */,
				969B4D5920DD787A00DCB75A /* Hello_World.entitlements */,
			);
			path = "Hello World";
			sourceTree = "<group>";
		};
		969B4D6120DD787A00DCB75A /* Hello WorldTests */ = {
			isa = PBXGroup;
			children = (
				969B4D6220DD787A00DCB75A /* Hello_WorldTests.swift */,
				969B4D6420DD787A00DCB75A /* Info.plist */,
			);
			path = "Hello WorldTests";
			sourceTree = "<group>";
		};
		969B4D6C20DD787A00DCB75A /* Hello WorldUITests */ = {
			isa = PBXGroup;
			children = (
				969B4D6D20DD787A00DCB75A /* Hello_WorldUITests.swift */,
				969B4D6F20DD787A00DCB75A /* Info.plist */,
			);
			path = "Hello WorldUITests";
			sourceTree = "<group>";
		};
/* End PBXGroup section */

/* Begin PBXNativeTarget section */
		969B4D4B20DD787800DCB75A /* Hello World */ = {
			isa = PBXNativeTarget;
			buildConfigurationList = 969B4D7220DD787A00DCB75A /* Build configuration list for PBXNativeTarget "Hello World" */;
			buildPhases = (
				969B4D4820DD787800DCB75A /* Sources */,
				969B4D4920DD787800DCB75A /* Frameworks */,
				969B4D4A20DD787800DCB75A /* Resources */,
			);
			buildRules = (
			);
			dependencies = (
			);
			name = "Hello World";
			productName = "Hello World";
			productReference = 969B4D4C20DD787800DCB75A /* Hello World.app */;
			productType = "com.apple.product-type.application";
		};
		969B4D5D20DD787A00DCB75A /* Hello WorldTests */ = {
			isa = PBXNativeTarget;
			buildConfigurationList = 969B4D7520DD787A00DCB75A /* Build configuration list for PBXNativeTarget "Hello WorldTests" */;
			buildPhases = (
				969B4D5A20DD787A00DCB75A /* Sources */,
				969B4D5B20DD787A00DCB75A /* Frameworks */,
				969B4D5C20DD787A00DCB75A /* Resources */,
			);
			buildRules = (
			);
			dependencies = (
				969B4D6020DD787A00DCB75A /* PBXTargetDependency */,
			);
			name = "Hello WorldTests";
			productName = "Hello WorldTests";
			productReference = 969B4D5E20DD787A00DCB75A /* Hello WorldTests.xctest */;
			productType = "com.apple.product-type.bundle.unit-test";
		};
		969B4D6820DD787A00DCB75A /* Hello WorldUITests */ = {
			isa = PBXNativeTarget;
			buildConfigurationList = 969B4D7820DD787A00DCB75A /* Build configuration list for PBXNativeTarget "Hello WorldUITests" */;
			buildPhases = (
				969B4D6520DD787A00DCB75A /* Sources */,
				969B4D6620DD787A00DCB75A /* Frameworks */,
				969B4D6720DD787A00DCB75A /* Resources */,
			);
			buildRules = (
			);
			dependencies = (
				969B4D6B20DD787A00DCB75A /* PBXTargetDependency */,
			);
			name = "Hello WorldUITests";
			productName = "Hello WorldUITests";
			productReference = 969B4D6920DD787A00DCB75A /* Hello WorldUITests.xctest */;
			productType = "com.apple.product-type.bundle.ui-testing";
		};
/* End PBXNativeTarget section */

/* Begin PBXProject section */
		969B4D4420DD787800DCB75A /* Project object */ = {
			isa = PBXProject;
			attributes = {
				LastSwiftUpdateCheck = 1000;
				LastUpgradeCheck = 1000;
				ORGANIZATIONNAME = "Jason Kralik";
				TargetAttributes = {
					969B4D4B20DD787800DCB75A = {
						CreatedOnToolsVersion = 10.0;
					};
					969B4D5D20DD787A00DCB75A = {
						CreatedOnToolsVersion = 10.0;
						TestTargetID = 969B4D4B20DD787800DCB75A;
					};
					969B4D6820DD787A00DCB75A = {
						CreatedOnToolsVersion = 10.0;
						TestTargetID = 969B4D4B20DD787800DCB75A;
					};
				};
			};
			buildConfigurationList = 969B4D4720DD787800DCB75A /* Build configuration list for PBXProject "Hello World" */;
			compatibilityVersion = "Xcode 9.3";
			developmentRegion = en;
			hasScannedForEncodings = 0;
			knownRegions = (
				en,
				Base,
			);
			mainGroup = 969B4D4320DD787800DCB75A;
			productRefGroup = 969B4D4D20DD787800DCB75A /* Products */;
			projectDirPath = "";
			projectRoot = "";
			targets = (
				969B4D4B20DD787800DCB75A /* Hello World */,
				969B4D5D20DD787A00DCB75A /* Hello WorldTests */,
				969B4D6820DD787A00DCB75A /* Hello WorldUITests */,
			);
		};
/* End PBXProject section */

/* Begin PBXResourcesBuildPhase section */
		969B4D4A20DD787800DCB75A /* Resources */ = {
			isa = PBXResourcesBuildPhase;
			buildActionMask = 2147483647;
			files = (
				969B4D5420DD787A00DCB75A /* Assets.xcassets in Resources */,
				969B4D5720DD787A00DCB75A /* Main.storyboard in Resources */,
			);
			runOnlyForDeploymentPostprocessing = 0;
		};
		969B4D5C20DD787A00DCB75A /* Resources */ = {
			isa = PBXResourcesBuildPhase;
			buildActionMask = 2147483647;
			files = (
			);
			runOnlyForDeploymentPostprocessing = 0;
		};
		969B4D6720DD787A00DCB75A /* Resources */ = {
			isa = PBXResourcesBuildPhase;
			buildActionMask = 2147483647;
			files = (
			);
			runOnlyForDeploymentPostprocessing = 0;
		};
/* End PBXResourcesBuildPhase section */

/* Begin PBXSourcesBuildPhase section */
		969B4D4820DD787800DCB75A /* Sources */ = {
			isa = PBXSourcesBuildPhase;
			buildActionMask = 2147483647;
			files = (
				969B4D5220DD787800DCB75A /* ViewController.swift in Sources */,
				969B4D5020DD787800DCB75A /* AppDelegate.swift in Sources */,
			);
			runOnlyForDeploymentPostprocessing = 0;
		};
		969B4D5A20DD787A00DCB75A /* Sources */ = {
			isa = PBXSourcesBuildPhase;
			buildActionMask = 2147483647;
			files = (
				969B4D6320DD787A00DCB75A /* Hello_WorldTests.swift in Sources */,
			);
			runOnlyForDeploymentPostprocessing = 0;
		};
		969B4D6520DD787A00DCB75A /* Sources */ = {
			isa = PBXSourcesBuildPhase;
			buildActionMask = 2147483647;
			files = (
				969B4D6E20DD787A00DCB75A /* Hello_WorldUITests.swift in Sources */,
			);
			runOnlyForDeploymentPostprocessing = 0;
		};
/* End PBXSourcesBuildPhase section */

/* Begin PBXTargetDependency section */
		969B4D6020DD787A00DCB75A /* PBXTargetDependency */ = {
			isa = PBXTargetDependency;
			target = 969B4D4B20DD787800DCB75A /* Hello World */;
			targetProxy = 969B4D5F20DD787A00DCB75A /* PBXContainerItemProxy */;
		};
		969B4D6B20DD787A00DCB75A /* PBXTargetDependency */ = {
			isa = PBXTargetDependency;
			target = 969B4D4B20DD787800DCB75A /* Hello World */;
			targetProxy = 969B4D6A20DD787A00DCB75A /* PBXContainerItemProxy */;
		};
/* End PBXTargetDependency section */

/* Begin PBXVariantGroup section */
		969B4D5520DD787A00DCB75A /* Main.storyboard */ = {
			isa = PBXVariantGroup;
			children = (
				969B4D5620DD787A00DCB75A /* Base */,
			);
			name = Main.storyboard;
			sourceTree = "<group>";
		};
/* End PBXVariantGroup section */

/* Begin XCBuildConfiguration section */
		969B4D7020DD787A00DCB75A /* Debug */ = {
			isa = XCBuildConfiguration;
			buildSettings = {
				ALWAYS_SEARCH_USER_PATHS = NO;
				CLANG_ANALYZER_NONNULL = YES;
				CLANG_ANALYZER_NUMBER_OBJECT_CONVERSION = YES_AGGRESSIVE;
				CLANG_CXX_LANGUAGE_STANDARD = "gnu++14";
				CLANG_CXX_LIBRARY = "libc++";
				CLANG_ENABLE_MODULES = YES;
				CLANG_ENABLE_OBJC_ARC = YES;
				CLANG_ENABLE_OBJC_WEAK = YES;
				CLANG_WARN_BLOCK_CAPTURE_AUTORELEASING = YES;
				CLANG_WARN_BOOL_CONVERSION = YES;
				CLANG_WARN_COMMA = YES;
				CLANG_WARN_CONSTANT_CONVERSION = YES;
				CLANG_WARN_DEPRECATED_OBJC_IMPLEMENTATIONS = YES;
				CLANG_WARN_DIRECT_OBJC_ISA_USAGE = YES_ERROR;
				CLANG_WARN_DOCUMENTATION_COMMENTS = YES;
				CLANG_WARN_EMPTY_BODY = YES;
				CLANG_WARN_ENUM_CONVERSION = YES;
				CLANG_WARN_INFINITE_RECURSION = YES;
				CLANG_WARN_INT_CONVERSION = YES;
				CLANG_WARN_NON_LITERAL_NULL_CONVERSION = YES;
				CLANG_WARN_OBJC_IMPLICIT_RETAIN_SELF = YES;
				CLANG_WARN_OBJC_LITERAL_CONVERSION = YES;
				CLANG_WARN_OBJC_ROOT_CLASS = YES_ERROR;
				CLANG_WARN_RANGE_LOOP_ANALYSIS = YES;
				CLANG_WARN_STRICT_PROTOTYPES = YES;
				CLANG_WARN_SUSPICIOUS_MOVE = YES;
				CLANG_WARN_UNGUARDED_AVAILABILITY = YES_AGGRESSIVE;
				CLANG_WARN_UNREACHABLE_CODE = YES;
				CLANG_WARN__DUPLICATE_METHOD_MATCH = YES;
				CODE_SIGN_IDENTITY = "Mac Developer";
				COPY_PHASE_STRIP = NO;
				DEBUG_INFORMATION_FORMAT = dwarf;
				ENABLE_STRICT_OBJC_MSGSEND = YES;
				ENABLE_TESTABILITY = YES;
				GCC_C_LANGUAGE_STANDARD = gnu11;
				GCC_DYNAMIC_NO_PIC = NO;
				GCC_NO_COMMON_BLOCKS = YES;
				GCC_OPTIMIZATION_LEVEL = 0;
				GCC_PREPROCESSOR_DEFINITIONS = (
					"DEBUG=1",
					"$(inherited)",
				);
				GCC_WARN_64_TO_32_BIT_CONVERSION = YES;
				GCC_WARN_ABOUT_RETURN_TYPE = YES_ERROR;
				GCC_WARN_UNDECLARED_SELECTOR = YES;
				GCC_WARN_UNINITIALIZED_AUTOS = YES_AGGRESSIVE;
				GCC_WARN_UNUSED_FUNCTION = YES;
				GCC_WARN_UNUSED_VARIABLE = YES;
				MACOSX_DEPLOYMENT_TARGET = 10.13;
				MTL_ENABLE_DEBUG_INFO = INCLUDE_SOURCE;
				ONLY_ACTIVE_ARCH = YES;
				SDKROOT = macosx;
				SWIFT_ACTIVE_COMPILATION_CONDITIONS = DEBUG;
				SWIFT_OPTIMIZATION_LEVEL = "-Onone";
			};
			name = Debug;
		};
		969B4D7120DD787A00DCB75A /* Release */ = {
			isa = XCBuildConfiguration;
			buildSettings = {
				ALWAYS_SEARCH_USER_PATHS = NO;
				CLANG_ANALYZER_NONNULL = YES;
				CLANG_ANALYZER_NUMBER_OBJECT_CONVERSION = YES_AGGRESSIVE;
				CLANG_CXX_LANGUAGE_STANDARD = "gnu++14";
				CLANG_CXX_LIBRARY = "libc++";
				CLANG_ENABLE_MODULES = YES;
				CLANG_ENABLE_OBJC_ARC = YES;
				CLANG_ENABLE_OBJC_WEAK = YES;
				CLANG_WARN_BLOCK_CAPTURE_AUTORELEASING = YES;
				CLANG_WARN_BOOL_CONVERSION = YES;
				CLANG_WARN_COMMA = YES;
				CLANG_WARN_CONSTANT_CONVERSION = YES;
				CLANG_WARN_DEPRECATED_OBJC_IMPLEMENTATIONS = YES;
				CLANG_WARN_DIRECT_OBJC_ISA_USAGE = YES_ERROR;
				CLANG_WARN_DOCUMENTATION_COMMENTS = YES;
				CLANG_WARN_EMPTY_BODY = YES;
				CLANG_WARN_ENUM_CONVERSION = YES;
				CLANG_WARN_INFINITE_RECURSION = YES;
				CLANG_WARN_INT_CONVERSION = YES;
				CLANG_WARN_NON_LITERAL_NULL_CONVERSION = YES;
				CLANG_WARN_OBJC_IMPLICIT_RETAIN_SELF = YES;
				CLANG_WARN_OBJC_LITERAL_CONVERSION = YES;
				CLANG_WARN_OBJC_ROOT_CLASS = YES_ERROR;
				CLANG_WARN_RANGE_LOOP_ANALYSIS = YES;
				CLANG_WARN_STRICT_PROTOTYPES = YES;
				CLANG_WARN_SUSPICIOUS_MOVE = YES;
				CLANG_WARN_UNGUARDED_AVAILABILITY = YES_AGGRESSIVE;
				CLANG_WARN_UNREACHABLE_CODE = YES;
				CLANG_WARN__DUPLICATE_METHOD_MATCH = YES;
				CODE_SIGN_IDENTITY = "Mac Developer";
				COPY_PHASE_STRIP = NO;
				DEBUG_INFORMATION_FORMAT = "dwarf-with-dsym";
				ENABLE_NS_ASSERTIONS = NO;
				ENABLE_STRICT_OBJC_MSGSEND = YES;
				GCC_C_LANGUAGE_STANDARD = gnu11;
				GCC_NO_COMMON_BLOCKS = YES;
				GCC_WARN_64_TO_32_BIT_CONVERSION = YES;
				GCC_WARN_ABOUT_RETURN_TYPE = YES_ERROR;
				GCC_WARN_UNDECLARED_SELECTOR = YES;
				GCC_WARN_UNINITIALIZED_AUTOS = YES_AGGRESSIVE;
				GCC_WARN_UNUSED_FUNCTION = YES;
				GCC_WARN_UNUSED_VARIABLE = YES;
				MACOSX_DEPLOYMENT_TARGET = 10.13;
				MTL_ENABLE_DEBUG_INFO = NO;
				SDKROOT = macosx;
				SWIFT_COMPILATION_MODE = wholemodule;
				SWIFT_OPTIMIZATION_LEVEL = "-O";
			};
			name = Release;
		};
		969B4D7320DD787A00DCB75A /* Debug */ = {
			isa = XCBuildConfiguration;
			buildSettings = {
				ASSETCATALOG_COMPILER_APPICON_NAME = AppIcon;
				CODE_SIGN_ENTITLEMENTS = "Hello World/Hello_World.entitlements";
				CODE_SIGN_STYLE = Automatic;
				COMBINE_HIDPI_IMAGES = YES;
				DEVELOPMENT_TEAM = Q56V23MQUH;
				INFOPLIST_FILE = "Hello World/Info.plist";
				LD_RUNPATH_SEARCH_PATHS = (
					"$(inherited)",
					"@executable_path/../Frameworks",
				);
				PRODUCT_BUNDLE_IDENTIFIER = "com.JayGreg.Hello-World";
				PRODUCT_NAME = "$(TARGET_NAME)";
				SWIFT_VERSION = 4.2;
			};
			name = Debug;
		};
		969B4D7420DD787A00DCB75A /* Release */ = {
			isa = XCBuildConfiguration;
			buildSettings = {
				ASSETCATALOG_COMPILER_APPICON_NAME = AppIcon;
				CODE_SIGN_ENTITLEMENTS = "Hello World/Hello_World.entitlements";
				CODE_SIGN_STYLE = Automatic;
				COMBINE_HIDPI_IMAGES = YES;
				DEVELOPMENT_TEAM = Q56V23MQUH;
				INFOPLIST_FILE = "Hello World/Info.plist";
				LD_RUNPATH_SEARCH_PATHS = (
					"$(inherited)",
					"@executable_path/../Frameworks",
				);
				PRODUCT_BUNDLE_IDENTIFIER = "com.JayGreg.Hello-World";
				PRODUCT_NAME = "$(TARGET_NAME)";
				SWIFT_VERSION = 4.2;
			};
			name = Release;
		};
		969B4D7620DD787A00DCB75A /* Debug */ = {
			isa = XCBuildConfiguration;
			buildSettings = {
				ALWAYS_EMBED_SWIFT_STANDARD_LIBRARIES = YES;
				BUNDLE_LOADER = "$(TEST_HOST)";
				CODE_SIGN_STYLE = Automatic;
				COMBINE_HIDPI_IMAGES = YES;
				DEVELOPMENT_TEAM = Q56V23MQUH;
				INFOPLIST_FILE = "Hello WorldTests/Info.plist";
				LD_RUNPATH_SEARCH_PATHS = (
					"$(inherited)",
					"@executable_path/../Frameworks",
					"@loader_path/../Frameworks",
				);
				PRODUCT_BUNDLE_IDENTIFIER = "com.JayGreg.Hello-WorldTests";
				PRODUCT_NAME = "$(TARGET_NAME)";
				SWIFT_VERSION = 4.2;
				TEST_HOST = "$(BUILT_PRODUCTS_DIR)/Hello World.app/Contents/MacOS/Hello World";
			};
			name = Debug;
		};
		969B4D7720DD787A00DCB75A /* Release */ = {
			isa = XCBuildConfiguration;
			buildSettings = {
				ALWAYS_EMBED_SWIFT_STANDARD_LIBRARIES = YES;
				BUNDLE_LOADER = "$(TEST_HOST)";
				CODE_SIGN_STYLE = Automatic;
				COMBINE_HIDPI_IMAGES = YES;
				DEVELOPMENT_TEAM = Q56V23MQUH;
				INFOPLIST_FILE = "Hello WorldTests/Info.plist";
				LD_RUNPATH_SEARCH_PATHS = (
					"$(inherited)",
					"@executable_path/../Frameworks",
					"@loader_path/../Frameworks",
				);
				PRODUCT_BUNDLE_IDENTIFIER = "com.JayGreg.Hello-WorldTests";
				PRODUCT_NAME = "$(TARGET_NAME)";
				SWIFT_VERSION = 4.2;
				TEST_HOST = "$(BUILT_PRODUCTS_DIR)/Hello World.app/Contents/MacOS/Hello World";
			};
			name = Release;
		};
		969B4D7920DD787A00DCB75A /* Debug */ = {
			isa = XCBuildConfiguration;
			buildSettings = {
				ALWAYS_EMBED_SWIFT_STANDARD_LIBRARIES = YES;
				CODE_SIGN_STYLE = Automatic;
				COMBINE_HIDPI_IMAGES = YES;
				DEVELOPMENT_TEAM = Q56V23MQUH;
				INFOPLIST_FILE = "Hello WorldUITests/Info.plist";
				LD_RUNPATH_SEARCH_PATHS = (
					"$(inherited)",
					"@executable_path/../Frameworks",
					"@loader_path/../Frameworks",
				);
				PRODUCT_BUNDLE_IDENTIFIER = "com.JayGreg.Hello-WorldUITests";
				PRODUCT_NAME = "$(TARGET_NAME)";
				SWIFT_VERSION = 4.2;
				TEST_TARGET_NAME = "Hello World";
			};
			name = Debug;
		};
		969B4D7A20DD787A00DCB75A /* Release */ = {
			isa = XCBuildConfiguration;
			buildSettings = {
				ALWAYS_EMBED_SWIFT_STANDARD_LIBRARIES = YES;
				CODE_SIGN_STYLE = Automatic;
				COMBINE_HIDPI_IMAGES = YES;
				DEVELOPMENT_TEAM = Q56V23MQUH;
				INFOPLIST_FILE = "Hello WorldUITests/Info.plist";
				LD_RUNPATH_SEARCH_PATHS = (
					"$(inherited)",
					"@executable_path/../Frameworks",
					"@loader_path/../Frameworks",
				);
				PRODUCT_BUNDLE_IDENTIFIER = "com.JayGreg.Hello-WorldUITests";
				PRODUCT_NAME = "$(TARGET_NAME)";
				SWIFT_VERSION = 4.2;
				TEST_TARGET_NAME = "Hello World";
			};
			name = Release;
		};
/* End XCBuildConfiguration section */

/* Begin XCConfigurationList section */
		969B4D4720DD787800DCB75A /* Build configuration list for PBXProject "Hello World" */ = {
			isa = XCConfigurationList;
			buildConfigurations = (
				969B4D7020DD787A00DCB75A /* Debug */,
				969B4D7120DD787A00DCB75A /* Release */,
			);
			defaultConfigurationIsVisible = 0;
			defaultConfigurationName = Release;
		};
		969B4D7220DD787A00DCB75A /* Build configuration list for PBXNativeTarget "Hello World" */ = {
			isa = XCConfigurationList;
			buildConfigurations = (
				969B4D7320DD787A00DCB75A /* Debug */,
				969B4D7420DD787A00DCB75A /* Release */,
			);
			defaultConfigurationIsVisible = 0;
			defaultConfigurationName = Release;
		};
		969B4D7520DD787A00DCB75A /* Build configuration list for PBXNativeTarget "Hello WorldTests" */ = {
			isa = XCConfigurationList;
			buildConfigurations = (
				969B4D7620DD787A00DCB75A /* Debug */,
				969B4D7720DD787A00DCB75A /* Release */,
			);
			defaultConfigurationIsVisible = 0;
			defaultConfigurationName = Release;
		};
		969B4D7820DD787A00DCB75A /* Build configuration list for PBXNativeTarget "Hello WorldUITests" */ = {
			isa = XCConfigurationList;
			buildConfigurations = (
				969B4D7920DD787A00DCB75A /* Debug */,
				969B4D7A20DD787A00DCB75A /* Release */,
			);
			defaultConfigurationIsVisible = 0;
			defaultConfigurationName = Release;
		};
/* End XCConfigurationList section */
	};
	rootObject = 969B4D4420DD787800DCB75A /* Project object */;
}
